
Microsoft Visual Studio Solution File, Format Version 12.00
# Visual Studio 15
VisualStudioVersion = 15.0.28307.572
MinimumVisualStudioVersion = 10.0.40219.1
Project("{8BC9CEB8-8B4A-11D0-8D11-00A0C91BC942}") = "Mandelbrot Set", "Mandelbrot Set\Mandelbrot Set.vcxproj", "{32A122D0-5D83-45F8-8BCF-96F353CD4A5E}"
EndProject
Global
	GlobalSection(SolutionConfigurationPlatforms) = preSolution
		Debug|x64 = Debug|x64
		Debug|x86 = Debug|x86
		Release|x64 = Release|x64
		Release|x86 = Release|x86
	EndGlobalSection
	GlobalSection(ProjectConfigurationPlatforms) = postSolution
		{32A122D0-5D83-45F8-8BCF-96F353CD4A5E}.Debug|x64.ActiveCfg = Debug|x64
		{32A122D0-5D83-45F8-8BCF-96F353CD4A5E}.Debug|x64.Build.0 = Debug|x64
		{32A122D0-5D83-45F8-8BCF-96F353CD4A5E}.Debug|x86.ActiveCfg = Debug|Win32
		{32A122D0-5D83-45F8-8BCF-96F353CD4A5E}.Debug|x86.Build.0 = Debug|Win32
		{32A122D0-5D83-45F8-8BCF-96F353CD4A5E}.Release|x64.ActiveCfg = Release|x64
		{32A122D0-5D83-45F8-8BCF-96F353CD4A5E}.Release|x64.Build.0 = Release|x64
		{32A122D0-5D83-45F8-8BCF-96F353CD4A5E}.Release|x86.ActiveCfg = Release|Win32
		{32A122D0-5D83-45F8-8BCF-96F353CD4A5E}.Release|x86.Build.0 = Release|Win32
	EndGlobalSection
	GlobalSection(SolutionProperties) = preSolution
		HideSolutionNode = FALSE
	EndGlobalSection
	GlobalSection(ExtensibilityGlobals) = postSolution
		SolutionGuid = {0A313C28-DDD9-4BA6-A6C7-30904E6664AB}
	EndGlobalSection
EndGlobal
